
Microsoft Visual Studio Solution File, Format Version 12.00
# Visual Studio 2013
VisualStudioVersion = 12.0.30723.0
MinimumVisualStudioVersion = 10.0.40219.1
Project("{FAE04EC0-301F-11D3-BF4B-00C04F79EFBC}") = "angularapp1", "angularapp1\angularapp1.csproj", "{A7142B1B-17E6-42EA-87C0-C39975F5BCCC}"
EndProject
Global
	GlobalSection(SolutionConfigurationPlatforms) = preSolution
		Debug|Any CPU = Debug|Any CPU
		Release|Any CPU = Release|Any CPU
	EndGlobalSection
	GlobalSection(ProjectConfigurationPlatforms) = postSolution
		{A7142B1B-17E6-42EA-87C0-C39975F5BCCC}.Debug|Any CPU.ActiveCfg = Debug|Any CPU
		{A7142B1B-17E6-42EA-87C0-C39975F5BCCC}.Debug|Any CPU.Build.0 = Debug|Any CPU
		{A7142B1B-17E6-42EA-87C0-C39975F5BCCC}.Release|Any CPU.ActiveCfg = Release|Any CPU
		{A7142B1B-17E6-42EA-87C0-C39975F5BCCC}.Release|Any CPU.Build.0 = Release|Any CPU
	EndGlobalSection
	GlobalSection(SolutionProperties) = preSolution
		HideSolutionNode = FALSE
	EndGlobalSection
EndGlobal
