
Microsoft Visual Studio Solution File, Format Version 12.00
# Visual Studio 15
Project("{FAE04EC0-301F-11D3-BF4B-00C04F79EFBC}") = "CustomFilters", "CustomFilters\CustomFilters.csproj", "{B700A063-D9A8-4FBB-9B51-C75EAC0CF30B}"
EndProject
Global
	GlobalSection(SolutionConfigurationPlatforms) = preSolution
		Debug|Any CPU = Debug|Any CPU
		Release|Any CPU = Release|Any CPU
	EndGlobalSection
	GlobalSection(ProjectConfigurationPlatforms) = postSolution
		{B700A063-D9A8-4FBB-9B51-C75EAC0CF30B}.Debug|Any CPU.ActiveCfg = Debug|Any CPU
		{B700A063-D9A8-4FBB-9B51-C75EAC0CF30B}.Debug|Any CPU.Build.0 = Debug|Any CPU
		{B700A063-D9A8-4FBB-9B51-C75EAC0CF30B}.Release|Any CPU.ActiveCfg = Release|Any CPU
		{B700A063-D9A8-4FBB-9B51-C75EAC0CF30B}.Release|Any CPU.Build.0 = Release|Any CPU
	EndGlobalSection
EndGlobal
