
Microsoft Visual Studio Solution File, Format Version 12.00
# Visual Studio 14
VisualStudioVersion = 14.0.25420.1
MinimumVisualStudioVersion = 10.0.40219.1
Project("{2150E333-8FDC-42A3-9474-1A3956D46DE8}") = "src", "src", "{3030722D-56C1-42E8-B014-F34E328CFC0D}"
EndProject
Project("{2150E333-8FDC-42A3-9474-1A3956D46DE8}") = "Solution Items", "Solution Items", "{E5687438-3DD9-492C-BAE6-D2A7349EE3EC}"
	ProjectSection(SolutionItems) = preProject
		global.json = global.json
	EndProjectSection
EndProject
Project("{8BB2217D-0F2D-49D1-97BC-3654ED321F3B}") = "mvcdbfirstapp", "src\mvcdbfirstapp\mvcdbfirstapp.xproj", "{93FFA13A-BC8D-4787-85D1-7DB239AEE34E}"
EndProject
Global
	GlobalSection(SolutionConfigurationPlatforms) = preSolution
		Debug|Any CPU = Debug|Any CPU
		Release|Any CPU = Release|Any CPU
	EndGlobalSection
	GlobalSection(ProjectConfigurationPlatforms) = postSolution
		{93FFA13A-BC8D-4787-85D1-7DB239AEE34E}.Debug|Any CPU.ActiveCfg = Debug|Any CPU
		{93FFA13A-BC8D-4787-85D1-7DB239AEE34E}.Debug|Any CPU.Build.0 = Debug|Any CPU
		{93FFA13A-BC8D-4787-85D1-7DB239AEE34E}.Release|Any CPU.ActiveCfg = Release|Any CPU
		{93FFA13A-BC8D-4787-85D1-7DB239AEE34E}.Release|Any CPU.Build.0 = Release|Any CPU
	EndGlobalSection
	GlobalSection(SolutionProperties) = preSolution
		HideSolutionNode = FALSE
	EndGlobalSection
	GlobalSection(NestedProjects) = preSolution
		{93FFA13A-BC8D-4787-85D1-7DB239AEE34E} = {3030722D-56C1-42E8-B014-F34E328CFC0D}
	EndGlobalSection
EndGlobal
