
Microsoft Visual Studio Solution File, Format Version 12.00
# Visual Studio 2013
VisualStudioVersion = 12.0.30723.0
MinimumVisualStudioVersion = 10.0.40219.1
Project("{FAE04EC0-301F-11D3-BF4B-00C04F79EFBC}") = "mvcdiapp", "mvcdiapp\mvcdiapp.csproj", "{EC830F98-BEC0-4249-BF1D-C54BF7F1E63C}"
EndProject
Global
	GlobalSection(SolutionConfigurationPlatforms) = preSolution
		Debug|Any CPU = Debug|Any CPU
		Release|Any CPU = Release|Any CPU
	EndGlobalSection
	GlobalSection(ProjectConfigurationPlatforms) = postSolution
		{EC830F98-BEC0-4249-BF1D-C54BF7F1E63C}.Debug|Any CPU.ActiveCfg = Debug|Any CPU
		{EC830F98-BEC0-4249-BF1D-C54BF7F1E63C}.Debug|Any CPU.Build.0 = Debug|Any CPU
		{EC830F98-BEC0-4249-BF1D-C54BF7F1E63C}.Release|Any CPU.ActiveCfg = Release|Any CPU
		{EC830F98-BEC0-4249-BF1D-C54BF7F1E63C}.Release|Any CPU.Build.0 = Release|Any CPU
	EndGlobalSection
	GlobalSection(SolutionProperties) = preSolution
		HideSolutionNode = FALSE
	EndGlobalSection
EndGlobal
