
Microsoft Visual Studio Solution File, Format Version 12.00
# Visual Studio 2013
VisualStudioVersion = 12.0.30723.0
MinimumVisualStudioVersion = 10.0.40219.1
Project("{FAE04EC0-301F-11D3-BF4B-00C04F79EFBC}") = "mvcfiltersapp", "mvcfiltersapp\mvcfiltersapp.csproj", "{F473511B-92B8-4049-BC54-3CDCAC7E6090}"
EndProject
Global
	GlobalSection(SolutionConfigurationPlatforms) = preSolution
		Debug|Any CPU = Debug|Any CPU
		Release|Any CPU = Release|Any CPU
	EndGlobalSection
	GlobalSection(ProjectConfigurationPlatforms) = postSolution
		{F473511B-92B8-4049-BC54-3CDCAC7E6090}.Debug|Any CPU.ActiveCfg = Debug|Any CPU
		{F473511B-92B8-4049-BC54-3CDCAC7E6090}.Debug|Any CPU.Build.0 = Debug|Any CPU
		{F473511B-92B8-4049-BC54-3CDCAC7E6090}.Release|Any CPU.ActiveCfg = Release|Any CPU
		{F473511B-92B8-4049-BC54-3CDCAC7E6090}.Release|Any CPU.Build.0 = Release|Any CPU
	EndGlobalSection
	GlobalSection(SolutionProperties) = preSolution
		HideSolutionNode = FALSE
	EndGlobalSection
EndGlobal
