
Microsoft Visual Studio Solution File, Format Version 12.00
# Visual Studio 14
VisualStudioVersion = 14.0.25420.1
MinimumVisualStudioVersion = 10.0.40219.1
Project("{2150E333-8FDC-42A3-9474-1A3956D46DE8}") = "src", "src", "{9640DCD8-F299-4A1B-BCED-9C4A9CCB735A}"
EndProject
Project("{2150E333-8FDC-42A3-9474-1A3956D46DE8}") = "Solution Items", "Solution Items", "{08D7BAB4-FCD3-47B0-9ACA-C24C55E049C0}"
	ProjectSection(SolutionItems) = preProject
		global.json = global.json
	EndProjectSection
EndProject
Project("{8BB2217D-0F2D-49D1-97BC-3654ED321F3B}") = "mvcefapp", "src\mvcefapp\mvcefapp.xproj", "{D5CBC36E-DC27-4387-9B8A-D735CB321F52}"
EndProject
Global
	GlobalSection(SolutionConfigurationPlatforms) = preSolution
		Debug|Any CPU = Debug|Any CPU
		Release|Any CPU = Release|Any CPU
	EndGlobalSection
	GlobalSection(ProjectConfigurationPlatforms) = postSolution
		{D5CBC36E-DC27-4387-9B8A-D735CB321F52}.Debug|Any CPU.ActiveCfg = Debug|Any CPU
		{D5CBC36E-DC27-4387-9B8A-D735CB321F52}.Debug|Any CPU.Build.0 = Debug|Any CPU
		{D5CBC36E-DC27-4387-9B8A-D735CB321F52}.Release|Any CPU.ActiveCfg = Release|Any CPU
		{D5CBC36E-DC27-4387-9B8A-D735CB321F52}.Release|Any CPU.Build.0 = Release|Any CPU
	EndGlobalSection
	GlobalSection(SolutionProperties) = preSolution
		HideSolutionNode = FALSE
	EndGlobalSection
	GlobalSection(NestedProjects) = preSolution
		{D5CBC36E-DC27-4387-9B8A-D735CB321F52} = {9640DCD8-F299-4A1B-BCED-9C4A9CCB735A}
	EndGlobalSection
EndGlobal
