
Microsoft Visual Studio Solution File, Format Version 12.00
# Visual Studio 14
VisualStudioVersion = 14.0.23107.0
MinimumVisualStudioVersion = 10.0.40219.1
Project("{2150E333-8FDC-42A3-9474-1A3956D46DE8}") = "src", "src", "{62C1975C-547B-4AD5-AFA4-DDBC511FC8B6}"
EndProject
Project("{2150E333-8FDC-42A3-9474-1A3956D46DE8}") = "Solution Items", "Solution Items", "{6D9BDC22-88EB-41E8-8D08-940B3B4BCDC0}"
	ProjectSection(SolutionItems) = preProject
		global.json = global.json
	EndProjectSection
EndProject
Project("{8BB2217D-0F2D-49D1-97BC-3654ED321F3B}") = "mvcwebapiapp6", "src\mvcwebapiapp6\mvcwebapiapp6.xproj", "{EE8D0C50-2C05-4CD5-BDDA-9480E99751CB}"
EndProject
Global
	GlobalSection(SolutionConfigurationPlatforms) = preSolution
		Debug|Any CPU = Debug|Any CPU
		Release|Any CPU = Release|Any CPU
	EndGlobalSection
	GlobalSection(ProjectConfigurationPlatforms) = postSolution
		{EE8D0C50-2C05-4CD5-BDDA-9480E99751CB}.Debug|Any CPU.ActiveCfg = Debug|Any CPU
		{EE8D0C50-2C05-4CD5-BDDA-9480E99751CB}.Debug|Any CPU.Build.0 = Debug|Any CPU
		{EE8D0C50-2C05-4CD5-BDDA-9480E99751CB}.Release|Any CPU.ActiveCfg = Release|Any CPU
		{EE8D0C50-2C05-4CD5-BDDA-9480E99751CB}.Release|Any CPU.Build.0 = Release|Any CPU
	EndGlobalSection
	GlobalSection(SolutionProperties) = preSolution
		HideSolutionNode = FALSE
	EndGlobalSection
	GlobalSection(NestedProjects) = preSolution
		{EE8D0C50-2C05-4CD5-BDDA-9480E99751CB} = {62C1975C-547B-4AD5-AFA4-DDBC511FC8B6}
	EndGlobalSection
EndGlobal
